hash: 5b3bab0f0b69989e2c8b766d66d041aea2bc7336a1325b1eae7cd3475fb1538c
updated: 2017-03-22T00:48:23.410545576+09:00
imports:
- name: github.com/urfave/cli
  version: 9e5b04886c4bfee2ceba1465b8121057355c4e53
- name: github.com/yukimemi/core
  version: b04fe0ed0fc1467d1c157712c2ef0befb075fb6a
- name: github.com/yukimemi/file
  version: 4ee67f5845c064c31984662e5e997fb6f61148b7
- name: golang.org/x/text
  version: f28f36722d5ef2f9655ad3de1f248e3e52ad5ebd
  subpackages:
  - encoding
  - encoding/internal/identifier
  - transform
testImports: []
